
Microsoft Visual Studio Solution File, Format Version 12.00
# Visual Studio Version 16
VisualStudioVersion = 16.0.29609.76
MinimumVisualStudioVersion = 10.0.40219.1
Project("{FAE04EC0-301F-11D3-BF4B-00C04F79EFBC}") = "Server", "Server\Server.csproj", "{322E9249-412E-4DC2-94BC-558AC36DB6C2}"
EndProject
Project("{FAE04EC0-301F-11D3-BF4B-00C04F79EFBC}") = "Client", "Client\Client.csproj", "{74F6B920-FA86-4A35-993A-092F34D8A60A}"
EndProject
Global
	GlobalSection(SolutionConfigurationPlatforms) = preSolution
		Debug|Any CPU = Debug|Any CPU
		Release|Any CPU = Release|Any CPU
	EndGlobalSection
	GlobalSection(ProjectConfigurationPlatforms) = postSolution
		{322E9249-412E-4DC2-94BC-558AC36DB6C2}.Debug|Any CPU.ActiveCfg = Debug|Any CPU
		{322E9249-412E-4DC2-94BC-558AC36DB6C2}.Debug|Any CPU.Build.0 = Debug|Any CPU
		{322E9249-412E-4DC2-94BC-558AC36DB6C2}.Release|Any CPU.ActiveCfg = Release|Any CPU
		{322E9249-412E-4DC2-94BC-558AC36DB6C2}.Release|Any CPU.Build.0 = Release|Any CPU
		{74F6B920-FA86-4A35-993A-092F34D8A60A}.Debug|Any CPU.ActiveCfg = Debug|Any CPU
		{74F6B920-FA86-4A35-993A-092F34D8A60A}.Debug|Any CPU.Build.0 = Debug|Any CPU
		{74F6B920-FA86-4A35-993A-092F34D8A60A}.Release|Any CPU.ActiveCfg = Release|Any CPU
		{74F6B920-FA86-4A35-993A-092F34D8A60A}.Release|Any CPU.Build.0 = Release|Any CPU
	EndGlobalSection
	GlobalSection(SolutionProperties) = preSolution
		HideSolutionNode = FALSE
	EndGlobalSection
	GlobalSection(ExtensibilityGlobals) = postSolution
		SolutionGuid = {3D72F79E-7580-4A68-AA75-9F3FA662BFA3}
	EndGlobalSection
EndGlobal
