
Microsoft Visual Studio Solution File, Format Version 12.00
# Visual Studio Version 16
VisualStudioVersion = 16.0.29609.76
MinimumVisualStudioVersion = 10.0.40219.1
Project("{FAE04EC0-301F-11D3-BF4B-00C04F79EFBC}") = "MyClasses", "MyClasses\MyClasses.csproj", "{82EBD34C-FAE1-48CD-A49E-0A5A3356CE7E}"
EndProject
Global
	GlobalSection(SolutionConfigurationPlatforms) = preSolution
		Debug|Any CPU = Debug|Any CPU
		Release|Any CPU = Release|Any CPU
	EndGlobalSection
	GlobalSection(ProjectConfigurationPlatforms) = postSolution
		{82EBD34C-FAE1-48CD-A49E-0A5A3356CE7E}.Debug|Any CPU.ActiveCfg = Debug|Any CPU
		{82EBD34C-FAE1-48CD-A49E-0A5A3356CE7E}.Debug|Any CPU.Build.0 = Debug|Any CPU
		{82EBD34C-FAE1-48CD-A49E-0A5A3356CE7E}.Release|Any CPU.ActiveCfg = Release|Any CPU
		{82EBD34C-FAE1-48CD-A49E-0A5A3356CE7E}.Release|Any CPU.Build.0 = Release|Any CPU
	EndGlobalSection
	GlobalSection(SolutionProperties) = preSolution
		HideSolutionNode = FALSE
	EndGlobalSection
	GlobalSection(ExtensibilityGlobals) = postSolution
		SolutionGuid = {89298577-0326-4946-AC39-CD5DA9071A1F}
	EndGlobalSection
EndGlobal
