
Microsoft Visual Studio Solution File, Format Version 12.00
# Visual Studio Version 16
VisualStudioVersion = 16.0.29609.76
MinimumVisualStudioVersion = 10.0.40219.1
Project("{FAE04EC0-301F-11D3-BF4B-00C04F79EFBC}") = "Client App", "Client App\Client App.csproj", "{0F5189C1-7C1F-432B-BAB5-ED4CE59020E0}"
EndProject
Project("{9A19103F-16F7-4668-BE54-9A1E7A4F7556}") = "ChatAppClasses", "ChatAppClasses\ChatAppClasses.csproj", "{450E43F0-289F-4F7A-81D1-951C60B9A344}"
EndProject
Global
	GlobalSection(SolutionConfigurationPlatforms) = preSolution
		Debug|Any CPU = Debug|Any CPU
		Release|Any CPU = Release|Any CPU
	EndGlobalSection
	GlobalSection(ProjectConfigurationPlatforms) = postSolution
		{0F5189C1-7C1F-432B-BAB5-ED4CE59020E0}.Debug|Any CPU.ActiveCfg = Debug|Any CPU
		{0F5189C1-7C1F-432B-BAB5-ED4CE59020E0}.Debug|Any CPU.Build.0 = Debug|Any CPU
		{0F5189C1-7C1F-432B-BAB5-ED4CE59020E0}.Release|Any CPU.ActiveCfg = Release|Any CPU
		{0F5189C1-7C1F-432B-BAB5-ED4CE59020E0}.Release|Any CPU.Build.0 = Release|Any CPU
		{450E43F0-289F-4F7A-81D1-951C60B9A344}.Debug|Any CPU.ActiveCfg = Debug|Any CPU
		{450E43F0-289F-4F7A-81D1-951C60B9A344}.Debug|Any CPU.Build.0 = Debug|Any CPU
		{450E43F0-289F-4F7A-81D1-951C60B9A344}.Release|Any CPU.ActiveCfg = Release|Any CPU
		{450E43F0-289F-4F7A-81D1-951C60B9A344}.Release|Any CPU.Build.0 = Release|Any CPU
	EndGlobalSection
	GlobalSection(SolutionProperties) = preSolution
		HideSolutionNode = FALSE
	EndGlobalSection
	GlobalSection(ExtensibilityGlobals) = postSolution
		SolutionGuid = {0E95C386-2E1C-46A0-85B3-C3C5379D6E8F}
	EndGlobalSection
EndGlobal
